// !$*UTF8*$!
{
	archiveVersion = 1;
	classes = {
	};
	objectVersion = 55;
	objects = {

/* Begin PBXBuildFile section */
		20B239E0288011A900E93E82 /* AppDelegate.swift in Sources */ = {isa = PBXBuildFile; fileRef = 20B239DF288011A900E93E82 /* AppDelegate.swift */; };
		20B239E2288011A900E93E82 /* SceneDelegate.swift in Sources */ = {isa = PBXBuildFile; fileRef = 20B239E1288011A900E93E82 /* SceneDelegate.swift */; };
		20B239E4288011A900E93E82 /* ViewController.swift in Sources */ = {isa = PBXBuildFile; fileRef = 20B239E3288011A900E93E82 /* ViewController.swift */; };
		20B239E7288011A900E93E82 /* Main.storyboard in Resources */ = {isa = PBXBuildFile; fileRef = 20B239E5288011A900E93E82 /* Main.storyboard */; };
		20B239E9288011AA00E93E82 /* Assets.xcassets in Resources */ = {isa = PBXBuildFile; fileRef = 20B239E8288011AA00E93E82 /* Assets.xcassets */; };
		20B239EC288011AA00E93E82 /* LaunchScreen.storyboard in Resources */ = {isa = PBXBuildFile; fileRef = 20B239EA288011AA00E93E82 /* LaunchScreen.storyboard */; };
		20B239F8288012D600E93E82 /* Dragon.swift in Sources */ = {isa = PBXBuildFile; fileRef = 20B239F7288012D600E93E82 /* Dragon.swift */; };
		20B239FB2880131400E93E82 /* Dragon.json in Resources */ = {isa = PBXBuildFile; fileRef = 20B239FA2880131400E93E82 /* Dragon.json */; };
		20B239FD2880132D00E93E82 /* NetworkManager.swift in Sources */ = {isa = PBXBuildFile; fileRef = 20B239FC2880132D00E93E82 /* NetworkManager.swift */; };
/* End PBXBuildFile section */

/* Begin PBXFileReference section */
		20B239DC288011A900E93E82 /* CodableParsing.app */ = {isa = PBXFileReference; explicitFileType = wrapper.application; includeInIndex = 0; path = CodableParsing.app; sourceTree = BUILT_PRODUCTS_DIR; };
		20B239DF288011A900E93E82 /* AppDelegate.swift */ = {isa = PBXFileReference; lastKnownFileType = sourcecode.swift; path = AppDelegate.swift; sourceTree = "<group>"; };
		20B239E1288011A900E93E82 /* SceneDelegate.swift */ = {isa = PBXFileReference; lastKnownFileType = sourcecode.swift; path = SceneDelegate.swift; sourceTree = "<group>"; };
		20B239E3288011A900E93E82 /* ViewController.swift */ = {isa = PBXFileReference; lastKnownFileType = sourcecode.swift; path = ViewController.swift; sourceTree = "<group>"; };
		20B239E6288011A900E93E82 /* Base */ = {isa = PBXFileReference; lastKnownFileType = file.storyboard; name = Base; path = Base.lproj/Main.storyboard; sourceTree = "<group>"; };
		20B239E8288011AA00E93E82 /* Assets.xcassets */ = {isa = PBXFileReference; lastKnownFileType = folder.assetcatalog; path = Assets.xcassets; sourceTree = "<group>"; };
		20B239EB288011AA00E93E82 /* Base */ = {isa = PBXFileReference; lastKnownFileType = file.storyboard; name = Base; path = Base.lproj/LaunchScreen.storyboard; sourceTree = "<group>"; };
		20B239ED288011AA00E93E82 /* Info.plist */ = {isa = PBXFileReference; lastKnownFileType = text.plist.xml; path = Info.plist; sourceTree = "<group>"; };
		20B239F7288012D600E93E82 /* Dragon.swift */ = {isa = PBXFileReference; lastKnownFileType = sourcecode.swift; path = Dragon.swift; sourceTree = "<group>"; };
		20B239FA2880131400E93E82 /* Dragon.json */ = {isa = PBXFileReference; lastKnownFileType = text.json; path = Dragon.json; sourceTree = "<group>"; };
		20B239FC2880132D00E93E82 /* NetworkManager.swift */ = {isa = PBXFileReference; lastKnownFileType = sourcecode.swift; path = NetworkManager.swift; sourceTree = "<group>"; };
/* End PBXFileReference section */

/* Begin PBXFrameworksBuildPhase section */
		20B239D9288011A900E93E82 /* Frameworks */ = {
			isa = PBXFrameworksBuildPhase;
			buildActionMask = 2147483647;
			files = (
			);
			runOnlyForDeploymentPostprocessing = 0;
		};
/* End PBXFrameworksBuildPhase section */

/* Begin PBXGroup section */
		20B239D3288011A900E93E82 = {
			isa = PBXGroup;
			children = (
				20B239DE288011A900E93E82 /* CodableParsing */,
				20B239DD288011A900E93E82 /* Products */,
			);
			sourceTree = "<group>";
		};
		20B239DD288011A900E93E82 /* Products */ = {
			isa = PBXGroup;
			children = (
				20B239DC288011A900E93E82 /* CodableParsing.app */,
			);
			name = Products;
			sourceTree = "<group>";
		};
		20B239DE288011A900E93E82 /* CodableParsing */ = {
			isa = PBXGroup;
			children = (
				20B239F62880125E00E93E82 /* Controller */,
				20B239F52880125600E93E82 /* Service */,
				20B239F42880125000E93E82 /* Model */,
				20B239DF288011A900E93E82 /* AppDelegate.swift */,
				20B239E1288011A900E93E82 /* SceneDelegate.swift */,
				20B239E5288011A900E93E82 /* Main.storyboard */,
				20B239E8288011AA00E93E82 /* Assets.xcassets */,
				20B239EA288011AA00E93E82 /* LaunchScreen.storyboard */,
				20B239ED288011AA00E93E82 /* Info.plist */,
			);
			path = CodableParsing;
			sourceTree = "<group>";
		};
		20B239F42880125000E93E82 /* Model */ = {
			isa = PBXGroup;
			children = (
				20B239F7288012D600E93E82 /* Dragon.swift */,
			);
			path = Model;
			sourceTree = "<group>";
		};
		20B239F52880125600E93E82 /* Service */ = {
			isa = PBXGroup;
			children = (
				20B239FA2880131400E93E82 /* Dragon.json */,
				20B239FC2880132D00E93E82 /* NetworkManager.swift */,
			);
			path = Service;
			sourceTree = "<group>";
		};
		20B239F62880125E00E93E82 /* Controller */ = {
			isa = PBXGroup;
			children = (
				20B239E3288011A900E93E82 /* ViewController.swift */,
			);
			path = Controller;
			sourceTree = "<group>";
		};
/* End PBXGroup section */

/* Begin PBXNativeTarget section */
		20B239DB288011A900E93E82 /* CodableParsing */ = {
			isa = PBXNativeTarget;
			buildConfigurationList = 20B239F0288011AA00E93E82 /* Build configuration list for PBXNativeTarget "CodableParsing" */;
			buildPhases = (
				20B239D8288011A900E93E82 /* Sources */,
				20B239D9288011A900E93E82 /* Frameworks */,
				20B239DA288011A900E93E82 /* Resources */,
			);
			buildRules = (
			);
			dependencies = (
			);
			name = CodableParsing;
			productName = CodableParsing;
			productReference = 20B239DC288011A900E93E82 /* CodableParsing.app */;
			productType = "com.apple.product-type.application";
		};
/* End PBXNativeTarget section */

/* Begin PBXProject section */
		20B239D4288011A900E93E82 /* Project object */ = {
			isa = PBXProject;
			attributes = {
				BuildIndependentTargetsInParallel = 1;
				LastSwiftUpdateCheck = 1340;
				LastUpgradeCheck = 1340;
				TargetAttributes = {
					20B239DB288011A900E93E82 = {
						CreatedOnToolsVersion = 13.4.1;
					};
				};
			};
			buildConfigurationList = 20B239D7288011A900E93E82 /* Build configuration list for PBXProject "CodableParsing" */;
			compatibilityVersion = "Xcode 13.0";
			developmentRegion = en;
			hasScannedForEncodings = 0;
			knownRegions = (
				en,
				Base,
			);
			mainGroup = 20B239D3288011A900E93E82;
			productRefGroup = 20B239DD288011A900E93E82 /* Products */;
			projectDirPath = "";
			projectRoot = "";
			targets = (
				20B239DB288011A900E93E82 /* CodableParsing */,
			);
		};
/* End PBXProject section */

/* Begin PBXResourcesBuildPhase section */
		20B239DA288011A900E93E82 /* Resources */ = {
			isa = PBXResourcesBuildPhase;
			buildActionMask = 2147483647;
			files = (
				20B239EC288011AA00E93E82 /* LaunchScreen.storyboard in Resources */,
				20B239E9288011AA00E93E82 /* Assets.xcassets in Resources */,
				20B239FB2880131400E93E82 /* Dragon.json in Resources */,
				20B239E7288011A900E93E82 /* Main.storyboard in Resources */,
			);
			runOnlyForDeploymentPostprocessing = 0;
		};
/* End PBXResourcesBuildPhase section */

/* Begin PBXSourcesBuildPhase section */
		20B239D8288011A900E93E82 /* Sources */ = {
			isa = PBXSourcesBuildPhase;
			buildActionMask = 2147483647;
			files = (
				20B239E4288011A900E93E82 /* ViewController.swift in Sources */,
				20B239E0288011A900E93E82 /* AppDelegate.swift in Sources */,
				20B239FD2880132D00E93E82 /* NetworkManager.swift in Sources */,
				20B239F8288012D600E93E82 /* Dragon.swift in Sources */,
				20B239E2288011A900E93E82 /* SceneDelegate.swift in Sources */,
			);
			runOnlyForDeploymentPostprocessing = 0;
		};
/* End PBXSourcesBuildPhase section */

/* Begin PBXVariantGroup section */
		20B239E5288011A900E93E82 /* Main.storyboard */ = {
			isa = PBXVariantGroup;
			children = (
				20B239E6288011A900E93E82 /* Base */,
			);
			name = Main.storyboard;
			sourceTree = "<group>";
		};
		20B239EA288011AA00E93E82 /* LaunchScreen.storyboard */ = {
			isa = PBXVariantGroup;
			children = (
				20B239EB288011AA00E93E82 /* Base */,
			);
			name = LaunchScreen.storyboard;
			sourceTree = "<group>";
		};
/* End PBXVariantGroup section */

/* Begin XCBuildConfiguration section */
		20B239EE288011AA00E93E82 /* Debug */ = {
			isa = XCBuildConfiguration;
			buildSettings = {
				ALWAYS_SEARCH_USER_PATHS = NO;
				CLANG_ANALYZER_NONNULL = YES;
				CLANG_ANALYZER_NUMBER_OBJECT_CONVERSION = YES_AGGRESSIVE;
				CLANG_CXX_LANGUAGE_STANDARD = "gnu++17";
				CLANG_ENABLE_MODULES = YES;
				CLANG_ENABLE_OBJC_ARC = YES;
				CLANG_ENABLE_OBJC_WEAK = YES;
				CLANG_WARN_BLOCK_CAPTURE_AUTORELEASING = YES;
				CLANG_WARN_BOOL_CONVERSION = YES;
				CLANG_WARN_COMMA = YES;
				CLANG_WARN_CONSTANT_CONVERSION = YES;
				CLANG_WARN_DEPRECATED_OBJC_IMPLEMENTATIONS = YES;
				CLANG_WARN_DIRECT_OBJC_ISA_USAGE = YES_ERROR;
				CLANG_WARN_DOCUMENTATION_COMMENTS = YES;
				CLANG_WARN_EMPTY_BODY = YES;
				CLANG_WARN_ENUM_CONVERSION = YES;
				CLANG_WARN_INFINITE_RECURSION = YES;
				CLANG_WARN_INT_CONVERSION = YES;
				CLANG_WARN_NON_LITERAL_NULL_CONVERSION = YES;
				CLANG_WARN_OBJC_IMPLICIT_RETAIN_SELF = YES;
				CLANG_WARN_OBJC_LITERAL_CONVERSION = YES;
				CLANG_WARN_OBJC_ROOT_CLASS = YES_ERROR;
				CLANG_WARN_QUOTED_INCLUDE_IN_FRAMEWORK_HEADER = YES;
				CLANG_WARN_RANGE_LOOP_ANALYSIS = YES;
				CLANG_WARN_STRICT_PROTOTYPES = YES;
				CLANG_WARN_SUSPICIOUS_MOVE = YES;
				CLANG_WARN_UNGUARDED_AVAILABILITY = YES_AGGRESSIVE;
				CLANG_WARN_UNREACHABLE_CODE = YES;
				CLANG_WARN__DUPLICATE_METHOD_MATCH = YES;
				COPY_PHASE_STRIP = NO;
				DEBUG_INFORMATION_FORMAT = dwarf;
				ENABLE_STRICT_OBJC_MSGSEND = YES;
				ENABLE_TESTABILITY = YES;
				GCC_C_LANGUAGE_STANDARD = gnu11;
				GCC_DYNAMIC_NO_PIC = NO;
				GCC_NO_COMMON_BLOCKS = YES;
				GCC_OPTIMIZATION_LEVEL = 0;
				GCC_PREPROCESSOR_DEFINITIONS = (
					"DEBUG=1",
					"$(inherited)",
				);
				GCC_WARN_64_TO_32_BIT_CONVERSION = YES;
				GCC_WARN_ABOUT_RETURN_TYPE = YES_ERROR;
				GCC_WARN_UNDECLARED_SELECTOR = YES;
				GCC_WARN_UNINITIALIZED_AUTOS = YES_AGGRESSIVE;
				GCC_WARN_UNUSED_FUNCTION = YES;
				GCC_WARN_UNUSED_VARIABLE = YES;
				IPHONEOS_DEPLOYMENT_TARGET = 15.5;
				MTL_ENABLE_DEBUG_INFO = INCLUDE_SOURCE;
				MTL_FAST_MATH = YES;
				ONLY_ACTIVE_ARCH = YES;
				SDKROOT = iphoneos;
				SWIFT_ACTIVE_COMPILATION_CONDITIONS = DEBUG;
				SWIFT_OPTIMIZATION_LEVEL = "-Onone";
			};
			name = Debug;
		};
		20B239EF288011AA00E93E82 /* Release */ = {
			isa = XCBuildConfiguration;
			buildSettings = {
				ALWAYS_SEARCH_USER_PATHS = NO;
				CLANG_ANALYZER_NONNULL = YES;
				CLANG_ANALYZER_NUMBER_OBJECT_CONVERSION = YES_AGGRESSIVE;
				CLANG_CXX_LANGUAGE_STANDARD = "gnu++17";
				CLANG_ENABLE_MODULES = YES;
				CLANG_ENABLE_OBJC_ARC = YES;
				CLANG_ENABLE_OBJC_WEAK = YES;
				CLANG_WARN_BLOCK_CAPTURE_AUTORELEASING = YES;
				CLANG_WARN_BOOL_CONVERSION = YES;
				CLANG_WARN_COMMA = YES;
				CLANG_WARN_CONSTANT_CONVERSION = YES;
				CLANG_WARN_DEPRECATED_OBJC_IMPLEMENTATIONS = YES;
				CLANG_WARN_DIRECT_OBJC_ISA_USAGE = YES_ERROR;
				CLANG_WARN_DOCUMENTATION_COMMENTS = YES;
				CLANG_WARN_EMPTY_BODY = YES;
				CLANG_WARN_ENUM_CONVERSION = YES;
				CLANG_WARN_INFINITE_RECURSION = YES;
				CLANG_WARN_INT_CONVERSION = YES;
				CLANG_WARN_NON_LITERAL_NULL_CONVERSION = YES;
				CLANG_WARN_OBJC_IMPLICIT_RETAIN_SELF = YES;
				CLANG_WARN_OBJC_LITERAL_CONVERSION = YES;
				CLANG_WARN_OBJC_ROOT_CLASS = YES_ERROR;
				CLANG_WARN_QUOTED_INCLUDE_IN_FRAMEWORK_HEADER = YES;
				CLANG_WARN_RANGE_LOOP_ANALYSIS = YES;
				CLANG_WARN_STRICT_PROTOTYPES = YES;
				CLANG_WARN_SUSPICIOUS_MOVE = YES;
				CLANG_WARN_UNGUARDED_AVAILABILITY = YES_AGGRESSIVE;
				CLANG_WARN_UNREACHABLE_CODE = YES;
				CLANG_WARN__DUPLICATE_METHOD_MATCH = YES;
				COPY_PHASE_STRIP = NO;
				DEBUG_INFORMATION_FORMAT = "dwarf-with-dsym";
				ENABLE_NS_ASSERTIONS = NO;
				ENABLE_STRICT_OBJC_MSGSEND = YES;
				GCC_C_LANGUAGE_STANDARD = gnu11;
				GCC_NO_COMMON_BLOCKS = YES;
				GCC_WARN_64_TO_32_BIT_CONVERSION = YES;
				GCC_WARN_ABOUT_RETURN_TYPE = YES_ERROR;
				GCC_WARN_UNDECLARED_SELECTOR = YES;
				GCC_WARN_UNINITIALIZED_AUTOS = YES_AGGRESSIVE;
				GCC_WARN_UNUSED_FUNCTION = YES;
				GCC_WARN_UNUSED_VARIABLE = YES;
				IPHONEOS_DEPLOYMENT_TARGET = 15.5;
				MTL_ENABLE_DEBUG_INFO = NO;
				MTL_FAST_MATH = YES;
				SDKROOT = iphoneos;
				SWIFT_COMPILATION_MODE = wholemodule;
				SWIFT_OPTIMIZATION_LEVEL = "-O";
				VALIDATE_PRODUCT = YES;
			};
			name = Release;
		};
		20B239F1288011AA00E93E82 /* Debug */ = {
			isa = XCBuildConfiguration;
			buildSettings = {
				ASSETCATALOG_COMPILER_APPICON_NAME = AppIcon;
				ASSETCATALOG_COMPILER_GLOBAL_ACCENT_COLOR_NAME = AccentColor;
				CODE_SIGN_STYLE = Automatic;
				CURRENT_PROJECT_VERSION = 1;
				DEVELOPMENT_TEAM = 634CART2HM;
				GENERATE_INFOPLIST_FILE = YES;
				INFOPLIST_FILE = CodableParsing/Info.plist;
				INFOPLIST_KEY_UIApplicationSupportsIndirectInputEvents = YES;
				INFOPLIST_KEY_UILaunchStoryboardName = LaunchScreen;
				INFOPLIST_KEY_UIMainStoryboardFile = Main;
				INFOPLIST_KEY_UISupportedInterfaceOrientations_iPad = "UIInterfaceOrientationPortrait UIInterfaceOrientationPortraitUpsideDown UIInterfaceOrientationLandscapeLeft UIInterfaceOrientationLandscapeRight";
				INFOPLIST_KEY_UISupportedInterfaceOrientations_iPhone = "UIInterfaceOrientationPortrait UIInterfaceOrientationLandscapeLeft UIInterfaceOrientationLandscapeRight";
				LD_RUNPATH_SEARCH_PATHS = (
					"$(inherited)",
					"@executable_path/Frameworks",
				);
				MARKETING_VERSION = 1.0;
				PRODUCT_BUNDLE_IDENTIFIER = "kry-inc.CodableParsing";
				PRODUCT_NAME = "$(TARGET_NAME)";
				SWIFT_EMIT_LOC_STRINGS = YES;
				SWIFT_VERSION = 5.0;
				TARGETED_DEVICE_FAMILY = "1,2";
			};
			name = Debug;
		};
		20B239F2288011AA00E93E82 /* Release */ = {
			isa = XCBuildConfiguration;
			buildSettings = {
				ASSETCATALOG_COMPILER_APPICON_NAME = AppIcon;
				ASSETCATALOG_COMPILER_GLOBAL_ACCENT_COLOR_NAME = AccentColor;
				CODE_SIGN_STYLE = Automatic;
				CURRENT_PROJECT_VERSION = 1;
				DEVELOPMENT_TEAM = 634CART2HM;
				GENERATE_INFOPLIST_FILE = YES;
				INFOPLIST_FILE = CodableParsing/Info.plist;
				INFOPLIST_KEY_UIApplicationSupportsIndirectInputEvents = YES;
				INFOPLIST_KEY_UILaunchStoryboardName = LaunchScreen;
				INFOPLIST_KEY_UIMainStoryboardFile = Main;
				INFOPLIST_KEY_UISupportedInterfaceOrientations_iPad = "UIInterfaceOrientationPortrait UIInterfaceOrientationPortraitUpsideDown UIInterfaceOrientationLandscapeLeft UIInterfaceOrientationLandscapeRight";
				INFOPLIST_KEY_UISupportedInterfaceOrientations_iPhone = "UIInterfaceOrientationPortrait UIInterfaceOrientationLandscapeLeft UIInterfaceOrientationLandscapeRight";
				LD_RUNPATH_SEARCH_PATHS = (
					"$(inherited)",
					"@executable_path/Frameworks",
				);
				MARKETING_VERSION = 1.0;
				PRODUCT_BUNDLE_IDENTIFIER = "kry-inc.CodableParsing";
				PRODUCT_NAME = "$(TARGET_NAME)";
				SWIFT_EMIT_LOC_STRINGS = YES;
				SWIFT_VERSION = 5.0;
				TARGETED_DEVICE_FAMILY = "1,2";
			};
			name = Release;
		};
/* End XCBuildConfiguration section */

/* Begin XCConfigurationList section */
		20B239D7288011A900E93E82 /* Build configuration list for PBXProject "CodableParsing" */ = {
			isa = XCConfigurationList;
			buildConfigurations = (
				20B239EE288011AA00E93E82 /* Debug */,
				20B239EF288011AA00E93E82 /* Release */,
			);
			defaultConfigurationIsVisible = 0;
			defaultConfigurationName = Release;
		};
		20B239F0288011AA00E93E82 /* Build configuration list for PBXNativeTarget "CodableParsing" */ = {
			isa = XCConfigurationList;
			buildConfigurations = (
				20B239F1288011AA00E93E82 /* Debug */,
				20B239F2288011AA00E93E82 /* Release */,
			);
			defaultConfigurationIsVisible = 0;
			defaultConfigurationName = Release;
		};
/* End XCConfigurationList section */
	};
	rootObject = 20B239D4288011A900E93E82 /* Project object */;
}
